
Microsoft Visual Studio Solution File, Format Version 12.00
# Visual Studio Version 17
VisualStudioVersion = 17.7.34024.191
MinimumVisualStudioVersion = 10.0.40219.1
Project("{FAE04EC0-301F-11D3-BF4B-00C04F79EFBC}") = "ResponsiJunproProject", "ResponsiJunproProject\ResponsiJunproProject.csproj", "{6EC7A031-ECFF-4A04-9AA4-0C948E1246F4}"
EndProject
Global
	GlobalSection(SolutionConfigurationPlatforms) = preSolution
		Debug|Any CPU = Debug|Any CPU
		Release|Any CPU = Release|Any CPU
	EndGlobalSection
	GlobalSection(ProjectConfigurationPlatforms) = postSolution
		{6EC7A031-ECFF-4A04-9AA4-0C948E1246F4}.Debug|Any CPU.ActiveCfg = Debug|Any CPU
		{6EC7A031-ECFF-4A04-9AA4-0C948E1246F4}.Debug|Any CPU.Build.0 = Debug|Any CPU
		{6EC7A031-ECFF-4A04-9AA4-0C948E1246F4}.Release|Any CPU.ActiveCfg = Release|Any CPU
		{6EC7A031-ECFF-4A04-9AA4-0C948E1246F4}.Release|Any CPU.Build.0 = Release|Any CPU
	EndGlobalSection
	GlobalSection(SolutionProperties) = preSolution
		HideSolutionNode = FALSE
	EndGlobalSection
	GlobalSection(ExtensibilityGlobals) = postSolution
		SolutionGuid = {C5D593A2-6FBF-4DAF-BCDB-4BD5BCBCB197}
	EndGlobalSection
EndGlobal
